
Microsoft Visual Studio Solution File, Format Version 12.00
# Visual Studio Version 17
VisualStudioVersion = 17.11.35327.3
MinimumVisualStudioVersion = 10.0.40219.1
Project("{FAE04EC0-301F-11D3-BF4B-00C04F79EFBC}") = "praktyki_2024(1).WebApp", "praktyki_2024(1).WebApp.csproj", "{6C52771E-2EF8-44DB-9CF5-BA68FA0C114E}"
EndProject
Global
	GlobalSection(SolutionConfigurationPlatforms) = preSolution
		Debug|Any CPU = Debug|Any CPU
		Release|Any CPU = Release|Any CPU
	EndGlobalSection
	GlobalSection(ProjectConfigurationPlatforms) = postSolution
		{6C52771E-2EF8-44DB-9CF5-BA68FA0C114E}.Debug|Any CPU.ActiveCfg = Debug|Any CPU
		{6C52771E-2EF8-44DB-9CF5-BA68FA0C114E}.Debug|Any CPU.Build.0 = Debug|Any CPU
		{6C52771E-2EF8-44DB-9CF5-BA68FA0C114E}.Release|Any CPU.ActiveCfg = Release|Any CPU
		{6C52771E-2EF8-44DB-9CF5-BA68FA0C114E}.Release|Any CPU.Build.0 = Release|Any CPU
	EndGlobalSection
	GlobalSection(SolutionProperties) = preSolution
		HideSolutionNode = FALSE
	EndGlobalSection
	GlobalSection(ExtensibilityGlobals) = postSolution
		SolutionGuid = {529EE537-BE2F-48D2-8573-2775EB52B485}
	EndGlobalSection
EndGlobal
