
Microsoft Visual Studio Solution File, Format Version 12.00
# Visual Studio Version 17
VisualStudioVersion = 17.11.35327.3
MinimumVisualStudioVersion = 10.0.40219.1
Project("{9A19103F-16F7-4668-BE54-9A1E7A4F7556}") = "zad_1", "zad_1\zad_1.csproj", "{A423B527-83E2-498C-9497-8D903364DA4E}"
EndProject
Project("{FAE04EC0-301F-11D3-BF4B-00C04F79EFBC}") = "zad_2", "zad_2\zad_2.csproj", "{71371651-D2CA-49B2-9816-14BAF0391AC2}"
EndProject
Project("{FAE04EC0-301F-11D3-BF4B-00C04F79EFBC}") = "zad_3", "zad_3\zad_3.csproj", "{99FA8DBC-4291-46C8-A36E-518A8A0108C8}"
EndProject
Project("{FAE04EC0-301F-11D3-BF4B-00C04F79EFBC}") = "zad_4", "zad_4\zad_4.csproj", "{E211D454-8402-48EE-9716-EEBD8B5E0CFD}"
EndProject
Project("{FAE04EC0-301F-11D3-BF4B-00C04F79EFBC}") = "Zad_5", "Zad_5\Zad_5.csproj", "{EEAA5034-F873-4405-9D1B-193584194FD0}"
EndProject
Global
	GlobalSection(SolutionConfigurationPlatforms) = preSolution
		Debug|Any CPU = Debug|Any CPU
		Release|Any CPU = Release|Any CPU
	EndGlobalSection
	GlobalSection(ProjectConfigurationPlatforms) = postSolution
		{A423B527-83E2-498C-9497-8D903364DA4E}.Debug|Any CPU.ActiveCfg = Debug|Any CPU
		{A423B527-83E2-498C-9497-8D903364DA4E}.Debug|Any CPU.Build.0 = Debug|Any CPU
		{A423B527-83E2-498C-9497-8D903364DA4E}.Release|Any CPU.ActiveCfg = Release|Any CPU
		{A423B527-83E2-498C-9497-8D903364DA4E}.Release|Any CPU.Build.0 = Release|Any CPU
		{71371651-D2CA-49B2-9816-14BAF0391AC2}.Debug|Any CPU.ActiveCfg = Debug|Any CPU
		{71371651-D2CA-49B2-9816-14BAF0391AC2}.Debug|Any CPU.Build.0 = Debug|Any CPU
		{71371651-D2CA-49B2-9816-14BAF0391AC2}.Release|Any CPU.ActiveCfg = Release|Any CPU
		{71371651-D2CA-49B2-9816-14BAF0391AC2}.Release|Any CPU.Build.0 = Release|Any CPU
		{99FA8DBC-4291-46C8-A36E-518A8A0108C8}.Debug|Any CPU.ActiveCfg = Debug|Any CPU
		{99FA8DBC-4291-46C8-A36E-518A8A0108C8}.Debug|Any CPU.Build.0 = Debug|Any CPU
		{99FA8DBC-4291-46C8-A36E-518A8A0108C8}.Release|Any CPU.ActiveCfg = Release|Any CPU
		{99FA8DBC-4291-46C8-A36E-518A8A0108C8}.Release|Any CPU.Build.0 = Release|Any CPU
		{E211D454-8402-48EE-9716-EEBD8B5E0CFD}.Debug|Any CPU.ActiveCfg = Debug|Any CPU
		{E211D454-8402-48EE-9716-EEBD8B5E0CFD}.Debug|Any CPU.Build.0 = Debug|Any CPU
		{E211D454-8402-48EE-9716-EEBD8B5E0CFD}.Release|Any CPU.ActiveCfg = Release|Any CPU
		{E211D454-8402-48EE-9716-EEBD8B5E0CFD}.Release|Any CPU.Build.0 = Release|Any CPU
		{EEAA5034-F873-4405-9D1B-193584194FD0}.Debug|Any CPU.ActiveCfg = Debug|Any CPU
		{EEAA5034-F873-4405-9D1B-193584194FD0}.Debug|Any CPU.Build.0 = Debug|Any CPU
		{EEAA5034-F873-4405-9D1B-193584194FD0}.Release|Any CPU.ActiveCfg = Release|Any CPU
		{EEAA5034-F873-4405-9D1B-193584194FD0}.Release|Any CPU.Build.0 = Release|Any CPU
	EndGlobalSection
	GlobalSection(SolutionProperties) = preSolution
		HideSolutionNode = FALSE
	EndGlobalSection
	GlobalSection(ExtensibilityGlobals) = postSolution
		SolutionGuid = {4E32E49E-9790-423F-AAD5-361179999E87}
	EndGlobalSection
EndGlobal
